
Microsoft Visual Studio Solution File, Format Version 12.00
# Visual Studio Version 16
VisualStudioVersion = 16.0.31112.23
MinimumVisualStudioVersion = 10.0.40219.1
Project("{FAE04EC0-301F-11D3-BF4B-00C04F79EFBC}") = "VeniceDemo.App", "VeniceDemo.App\VeniceDemo.App.csproj", "{530F08C3-6BFD-464C-960E-5673022E7A75}"
EndProject
Global
	GlobalSection(SolutionConfigurationPlatforms) = preSolution
		Debug|Any CPU = Debug|Any CPU
		Release|Any CPU = Release|Any CPU
	EndGlobalSection
	GlobalSection(ProjectConfigurationPlatforms) = postSolution
		{530F08C3-6BFD-464C-960E-5673022E7A75}.Debug|Any CPU.ActiveCfg = Debug|Any CPU
		{530F08C3-6BFD-464C-960E-5673022E7A75}.Debug|Any CPU.Build.0 = Debug|Any CPU
		{530F08C3-6BFD-464C-960E-5673022E7A75}.Release|Any CPU.ActiveCfg = Release|Any CPU
		{530F08C3-6BFD-464C-960E-5673022E7A75}.Release|Any CPU.Build.0 = Release|Any CPU
	EndGlobalSection
	GlobalSection(SolutionProperties) = preSolution
		HideSolutionNode = FALSE
	EndGlobalSection
	GlobalSection(ExtensibilityGlobals) = postSolution
		SolutionGuid = {D1ED053E-15EB-436E-B283-4C2022C1372D}
	EndGlobalSection
EndGlobal
